
Microsoft Visual Studio Solution File, Format Version 12.00
# Visual Studio Version 17
VisualStudioVersion = 17.6.33723.286
MinimumVisualStudioVersion = 10.0.40219.1
Project("{FAE04EC0-301F-11D3-BF4B-00C04F79EFBC}") = "task27", "task27.csproj", "{C3F21A44-0097-4AF4-AB0A-822EE3F40C91}"
EndProject
Global
	GlobalSection(SolutionConfigurationPlatforms) = preSolution
		Debug|Any CPU = Debug|Any CPU
		Release|Any CPU = Release|Any CPU
	EndGlobalSection
	GlobalSection(ProjectConfigurationPlatforms) = postSolution
		{C3F21A44-0097-4AF4-AB0A-822EE3F40C91}.Debug|Any CPU.ActiveCfg = Debug|Any CPU
		{C3F21A44-0097-4AF4-AB0A-822EE3F40C91}.Debug|Any CPU.Build.0 = Debug|Any CPU
		{C3F21A44-0097-4AF4-AB0A-822EE3F40C91}.Release|Any CPU.ActiveCfg = Release|Any CPU
		{C3F21A44-0097-4AF4-AB0A-822EE3F40C91}.Release|Any CPU.Build.0 = Release|Any CPU
	EndGlobalSection
	GlobalSection(SolutionProperties) = preSolution
		HideSolutionNode = FALSE
	EndGlobalSection
	GlobalSection(ExtensibilityGlobals) = postSolution
		SolutionGuid = {73F72FA6-1C54-49A9-8C18-E92886AD3E47}
	EndGlobalSection
EndGlobal
