
Microsoft Visual Studio Solution File, Format Version 12.00
# Visual Studio Version 17
VisualStudioVersion = 17.6.33723.286
MinimumVisualStudioVersion = 10.0.40219.1
Project("{FAE04EC0-301F-11D3-BF4B-00C04F79EFBC}") = "task29", "task29.csproj", "{74FA4EFD-5430-4809-A39C-2AD884E40DDC}"
EndProject
Global
	GlobalSection(SolutionConfigurationPlatforms) = preSolution
		Debug|Any CPU = Debug|Any CPU
		Release|Any CPU = Release|Any CPU
	EndGlobalSection
	GlobalSection(ProjectConfigurationPlatforms) = postSolution
		{74FA4EFD-5430-4809-A39C-2AD884E40DDC}.Debug|Any CPU.ActiveCfg = Debug|Any CPU
		{74FA4EFD-5430-4809-A39C-2AD884E40DDC}.Debug|Any CPU.Build.0 = Debug|Any CPU
		{74FA4EFD-5430-4809-A39C-2AD884E40DDC}.Release|Any CPU.ActiveCfg = Release|Any CPU
		{74FA4EFD-5430-4809-A39C-2AD884E40DDC}.Release|Any CPU.Build.0 = Release|Any CPU
	EndGlobalSection
	GlobalSection(SolutionProperties) = preSolution
		HideSolutionNode = FALSE
	EndGlobalSection
	GlobalSection(ExtensibilityGlobals) = postSolution
		SolutionGuid = {2B2CE5DC-12CB-408C-AAC6-452D5C2308C9}
	EndGlobalSection
EndGlobal
